
Microsoft Visual Studio Solution File, Format Version 12.00
Project("{FAE04EC0-301F-11D3-BF4B-00C04F79EFBC}") = "Domain.Core", "Domain.Core\Domain.Core.csproj", "{18EB6183-96E9-4743-B4FD-4FB02CF17E3E}"
EndProject
Project("{FAE04EC0-301F-11D3-BF4B-00C04F79EFBC}") = "Infrastructure.Bus", "Infrastructure.Bus\Infrastructure.Bus.csproj", "{BE927EAE-16EC-42CF-8440-524E09934787}"
EndProject
Project("{FAE04EC0-301F-11D3-BF4B-00C04F79EFBC}") = "Infrastructure.IoC", "Infrastructure.IoC\Infrastructure.IoC.csproj", "{EE809FFF-AF82-4CBE-BA44-22B882616D35}"
EndProject
Project("{2150E333-8FDC-42A3-9474-1A3956D46DE8}") = "Microservices", "Microservices", "{D7E2927C-932A-4785-81CE-EDF8C8F5757B}"
EndProject
Project("{2150E333-8FDC-42A3-9474-1A3956D46DE8}") = "Banking", "Banking", "{EF5FEBB9-8E6F-44EE-A531-C22C569881D8}"
EndProject
Project("{FAE04EC0-301F-11D3-BF4B-00C04F79EFBC}") = "Banking.API", "Banking.API\Banking.API.csproj", "{D95BCE33-B57A-4E5A-9E43-F8240C3AE540}"
EndProject
Project("{FAE04EC0-301F-11D3-BF4B-00C04F79EFBC}") = "Banking.Application", "Banking.Application\Banking.Application.csproj", "{E23AAE16-9EA6-470D-8A5E-2A67C745A32D}"
EndProject
Project("{FAE04EC0-301F-11D3-BF4B-00C04F79EFBC}") = "Banking.Data", "Banking.Data\Banking.Data.csproj", "{5F23DB79-47F5-48F8-AE75-776F4797607E}"
EndProject
Project("{FAE04EC0-301F-11D3-BF4B-00C04F79EFBC}") = "Banking.Domain", "Banking.Domain\Banking.Domain.csproj", "{F6347520-A457-46CA-BDFB-E3C2C46F48CF}"
EndProject
Project("{2150E333-8FDC-42A3-9474-1A3956D46DE8}") = "Transfer", "Transfer", "{7ECB18D5-E0C5-454D-B5C6-FA976EB5D838}"
EndProject
Project("{FAE04EC0-301F-11D3-BF4B-00C04F79EFBC}") = "Transfer.API", "Transfer.API\Transfer.API.csproj", "{CF24D81F-4309-4241-99FE-5DA0EB31A25C}"
EndProject
Project("{FAE04EC0-301F-11D3-BF4B-00C04F79EFBC}") = "Transfer.Application", "Transfer.Application\Transfer.Application.csproj", "{E6E549A3-E80B-4E67-AD61-003FD6ADE495}"
EndProject
Project("{FAE04EC0-301F-11D3-BF4B-00C04F79EFBC}") = "Transfer.Data", "Transfer.Data\Transfer.Data.csproj", "{63870FB6-5E7A-448E-AEA8-2652534AD6CD}"
EndProject
Project("{FAE04EC0-301F-11D3-BF4B-00C04F79EFBC}") = "Transfer.Domain", "Transfer.Domain\Transfer.Domain.csproj", "{BB822A03-66A8-464D-9F22-31C2A91486CE}"
EndProject
Project("{FAE04EC0-301F-11D3-BF4B-00C04F79EFBC}") = "Shared", "Shared\Shared.csproj", "{417C89B5-031D-4B88-9A9E-953F364B1BCD}"
EndProject
Global
	GlobalSection(SolutionConfigurationPlatforms) = preSolution
		Debug|Any CPU = Debug|Any CPU
		Release|Any CPU = Release|Any CPU
	EndGlobalSection
	GlobalSection(ProjectConfigurationPlatforms) = postSolution
		{18EB6183-96E9-4743-B4FD-4FB02CF17E3E}.Debug|Any CPU.ActiveCfg = Debug|Any CPU
		{18EB6183-96E9-4743-B4FD-4FB02CF17E3E}.Debug|Any CPU.Build.0 = Debug|Any CPU
		{18EB6183-96E9-4743-B4FD-4FB02CF17E3E}.Release|Any CPU.ActiveCfg = Release|Any CPU
		{18EB6183-96E9-4743-B4FD-4FB02CF17E3E}.Release|Any CPU.Build.0 = Release|Any CPU
		{BE927EAE-16EC-42CF-8440-524E09934787}.Debug|Any CPU.ActiveCfg = Debug|Any CPU
		{BE927EAE-16EC-42CF-8440-524E09934787}.Debug|Any CPU.Build.0 = Debug|Any CPU
		{BE927EAE-16EC-42CF-8440-524E09934787}.Release|Any CPU.ActiveCfg = Release|Any CPU
		{BE927EAE-16EC-42CF-8440-524E09934787}.Release|Any CPU.Build.0 = Release|Any CPU
		{EE809FFF-AF82-4CBE-BA44-22B882616D35}.Debug|Any CPU.ActiveCfg = Debug|Any CPU
		{EE809FFF-AF82-4CBE-BA44-22B882616D35}.Debug|Any CPU.Build.0 = Debug|Any CPU
		{EE809FFF-AF82-4CBE-BA44-22B882616D35}.Release|Any CPU.ActiveCfg = Release|Any CPU
		{EE809FFF-AF82-4CBE-BA44-22B882616D35}.Release|Any CPU.Build.0 = Release|Any CPU
		{D95BCE33-B57A-4E5A-9E43-F8240C3AE540}.Debug|Any CPU.ActiveCfg = Debug|Any CPU
		{D95BCE33-B57A-4E5A-9E43-F8240C3AE540}.Debug|Any CPU.Build.0 = Debug|Any CPU
		{D95BCE33-B57A-4E5A-9E43-F8240C3AE540}.Release|Any CPU.ActiveCfg = Release|Any CPU
		{D95BCE33-B57A-4E5A-9E43-F8240C3AE540}.Release|Any CPU.Build.0 = Release|Any CPU
		{E23AAE16-9EA6-470D-8A5E-2A67C745A32D}.Debug|Any CPU.ActiveCfg = Debug|Any CPU
		{E23AAE16-9EA6-470D-8A5E-2A67C745A32D}.Debug|Any CPU.Build.0 = Debug|Any CPU
		{E23AAE16-9EA6-470D-8A5E-2A67C745A32D}.Release|Any CPU.ActiveCfg = Release|Any CPU
		{E23AAE16-9EA6-470D-8A5E-2A67C745A32D}.Release|Any CPU.Build.0 = Release|Any CPU
		{5F23DB79-47F5-48F8-AE75-776F4797607E}.Debug|Any CPU.ActiveCfg = Debug|Any CPU
		{5F23DB79-47F5-48F8-AE75-776F4797607E}.Debug|Any CPU.Build.0 = Debug|Any CPU
		{5F23DB79-47F5-48F8-AE75-776F4797607E}.Release|Any CPU.ActiveCfg = Release|Any CPU
		{5F23DB79-47F5-48F8-AE75-776F4797607E}.Release|Any CPU.Build.0 = Release|Any CPU
		{F6347520-A457-46CA-BDFB-E3C2C46F48CF}.Debug|Any CPU.ActiveCfg = Debug|Any CPU
		{F6347520-A457-46CA-BDFB-E3C2C46F48CF}.Debug|Any CPU.Build.0 = Debug|Any CPU
		{F6347520-A457-46CA-BDFB-E3C2C46F48CF}.Release|Any CPU.ActiveCfg = Release|Any CPU
		{F6347520-A457-46CA-BDFB-E3C2C46F48CF}.Release|Any CPU.Build.0 = Release|Any CPU
		{CF24D81F-4309-4241-99FE-5DA0EB31A25C}.Debug|Any CPU.ActiveCfg = Debug|Any CPU
		{CF24D81F-4309-4241-99FE-5DA0EB31A25C}.Debug|Any CPU.Build.0 = Debug|Any CPU
		{CF24D81F-4309-4241-99FE-5DA0EB31A25C}.Release|Any CPU.ActiveCfg = Release|Any CPU
		{CF24D81F-4309-4241-99FE-5DA0EB31A25C}.Release|Any CPU.Build.0 = Release|Any CPU
		{E6E549A3-E80B-4E67-AD61-003FD6ADE495}.Debug|Any CPU.ActiveCfg = Debug|Any CPU
		{E6E549A3-E80B-4E67-AD61-003FD6ADE495}.Debug|Any CPU.Build.0 = Debug|Any CPU
		{E6E549A3-E80B-4E67-AD61-003FD6ADE495}.Release|Any CPU.ActiveCfg = Release|Any CPU
		{E6E549A3-E80B-4E67-AD61-003FD6ADE495}.Release|Any CPU.Build.0 = Release|Any CPU
		{63870FB6-5E7A-448E-AEA8-2652534AD6CD}.Debug|Any CPU.ActiveCfg = Debug|Any CPU
		{63870FB6-5E7A-448E-AEA8-2652534AD6CD}.Debug|Any CPU.Build.0 = Debug|Any CPU
		{63870FB6-5E7A-448E-AEA8-2652534AD6CD}.Release|Any CPU.ActiveCfg = Release|Any CPU
		{63870FB6-5E7A-448E-AEA8-2652534AD6CD}.Release|Any CPU.Build.0 = Release|Any CPU
		{BB822A03-66A8-464D-9F22-31C2A91486CE}.Debug|Any CPU.ActiveCfg = Debug|Any CPU
		{BB822A03-66A8-464D-9F22-31C2A91486CE}.Debug|Any CPU.Build.0 = Debug|Any CPU
		{BB822A03-66A8-464D-9F22-31C2A91486CE}.Release|Any CPU.ActiveCfg = Release|Any CPU
		{BB822A03-66A8-464D-9F22-31C2A91486CE}.Release|Any CPU.Build.0 = Release|Any CPU
		{417C89B5-031D-4B88-9A9E-953F364B1BCD}.Debug|Any CPU.ActiveCfg = Debug|Any CPU
		{417C89B5-031D-4B88-9A9E-953F364B1BCD}.Debug|Any CPU.Build.0 = Debug|Any CPU
		{417C89B5-031D-4B88-9A9E-953F364B1BCD}.Release|Any CPU.ActiveCfg = Release|Any CPU
		{417C89B5-031D-4B88-9A9E-953F364B1BCD}.Release|Any CPU.Build.0 = Release|Any CPU
	EndGlobalSection
	GlobalSection(NestedProjects) = preSolution
		{EF5FEBB9-8E6F-44EE-A531-C22C569881D8} = {D7E2927C-932A-4785-81CE-EDF8C8F5757B}
		{D95BCE33-B57A-4E5A-9E43-F8240C3AE540} = {EF5FEBB9-8E6F-44EE-A531-C22C569881D8}
		{E23AAE16-9EA6-470D-8A5E-2A67C745A32D} = {EF5FEBB9-8E6F-44EE-A531-C22C569881D8}
		{5F23DB79-47F5-48F8-AE75-776F4797607E} = {EF5FEBB9-8E6F-44EE-A531-C22C569881D8}
		{F6347520-A457-46CA-BDFB-E3C2C46F48CF} = {EF5FEBB9-8E6F-44EE-A531-C22C569881D8}
		{7ECB18D5-E0C5-454D-B5C6-FA976EB5D838} = {D7E2927C-932A-4785-81CE-EDF8C8F5757B}
		{CF24D81F-4309-4241-99FE-5DA0EB31A25C} = {7ECB18D5-E0C5-454D-B5C6-FA976EB5D838}
		{E6E549A3-E80B-4E67-AD61-003FD6ADE495} = {7ECB18D5-E0C5-454D-B5C6-FA976EB5D838}
		{63870FB6-5E7A-448E-AEA8-2652534AD6CD} = {7ECB18D5-E0C5-454D-B5C6-FA976EB5D838}
		{BB822A03-66A8-464D-9F22-31C2A91486CE} = {7ECB18D5-E0C5-454D-B5C6-FA976EB5D838}
	EndGlobalSection
EndGlobal
